
Microsoft Visual Studio Solution File, Format Version 12.00
# Visual Studio 15
VisualStudioVersion = 15.0.28307.539
MinimumVisualStudioVersion = 10.0.40219.1
Project("{FAE04EC0-301F-11D3-BF4B-00C04F79EFBC}") = "iSSA_UniColor", "kuWPFTest\iSSA_UniColor.csproj", "{73D2028C-605B-44C3-808F-A9B0F1550709}"
	ProjectSection(ProjectDependencies) = postProject
		{239461D0-9457-4DB5-8AAB-847102D465C6} = {239461D0-9457-4DB5-8AAB-847102D465C6}
	EndProjectSection
EndProject
Project("{8BC9CEB8-8B4A-11D0-8D11-00A0C91BC942}") = "kuOpenCVNativeCameraClass", "kuOpenCVClassTest\kuOpenCVClassTest.vcxproj", "{239461D0-9457-4DB5-8AAB-847102D465C6}"
EndProject
Project("{8BC9CEB8-8B4A-11D0-8D11-00A0C91BC942}") = "kuOpenCVClassTestProgram", "kuOpenCVClassTestProgram\kuOpenCVClassTestProgram.vcxproj", "{8DFAD3A7-2CDD-4F37-B45B-66734D8C809D}"
EndProject
Project("{8BC9CEB8-8B4A-11D0-8D11-00A0C91BC942}") = "kuCLRWrapper", "kuOpenCVClassWrapper\kuOpenCVClassWrapper.vcxproj", "{A5A13995-04A8-4B19-8B9A-995B82200AA3}"
EndProject
Project("{8BC9CEB8-8B4A-11D0-8D11-00A0C91BC942}") = "kuCLRConsoleTest", "kuCLRConsoleTest\kuCLRConsoleTest.vcxproj", "{04531D19-2BD6-42C4-BFB0-443F29823C4D}"
EndProject
Global
	GlobalSection(SolutionConfigurationPlatforms) = preSolution
		Debug|Any CPU = Debug|Any CPU
		Debug|x64 = Debug|x64
		Debug|x86 = Debug|x86
		Release|Any CPU = Release|Any CPU
		Release|x64 = Release|x64
		Release|x86 = Release|x86
	EndGlobalSection
	GlobalSection(ProjectConfigurationPlatforms) = postSolution
		{73D2028C-605B-44C3-808F-A9B0F1550709}.Debug|Any CPU.ActiveCfg = Debug|Any CPU
		{73D2028C-605B-44C3-808F-A9B0F1550709}.Debug|Any CPU.Build.0 = Debug|Any CPU
		{73D2028C-605B-44C3-808F-A9B0F1550709}.Debug|x64.ActiveCfg = Debug|Any CPU
		{73D2028C-605B-44C3-808F-A9B0F1550709}.Debug|x64.Build.0 = Debug|Any CPU
		{73D2028C-605B-44C3-808F-A9B0F1550709}.Debug|x86.ActiveCfg = Debug|Any CPU
		{73D2028C-605B-44C3-808F-A9B0F1550709}.Debug|x86.Build.0 = Debug|Any CPU
		{73D2028C-605B-44C3-808F-A9B0F1550709}.Release|Any CPU.ActiveCfg = Release|Any CPU
		{73D2028C-605B-44C3-808F-A9B0F1550709}.Release|Any CPU.Build.0 = Release|Any CPU
		{73D2028C-605B-44C3-808F-A9B0F1550709}.Release|x64.ActiveCfg = Release|Any CPU
		{73D2028C-605B-44C3-808F-A9B0F1550709}.Release|x64.Build.0 = Release|Any CPU
		{73D2028C-605B-44C3-808F-A9B0F1550709}.Release|x86.ActiveCfg = Release|Any CPU
		{73D2028C-605B-44C3-808F-A9B0F1550709}.Release|x86.Build.0 = Release|Any CPU
		{239461D0-9457-4DB5-8AAB-847102D465C6}.Debug|Any CPU.ActiveCfg = Debug|Win32
		{239461D0-9457-4DB5-8AAB-847102D465C6}.Debug|x64.ActiveCfg = Debug|x64
		{239461D0-9457-4DB5-8AAB-847102D465C6}.Debug|x64.Build.0 = Debug|x64
		{239461D0-9457-4DB5-8AAB-847102D465C6}.Debug|x86.ActiveCfg = Debug|Win32
		{239461D0-9457-4DB5-8AAB-847102D465C6}.Debug|x86.Build.0 = Debug|Win32
		{239461D0-9457-4DB5-8AAB-847102D465C6}.Release|Any CPU.ActiveCfg = Release|Win32
		{239461D0-9457-4DB5-8AAB-847102D465C6}.Release|x64.ActiveCfg = Release|x64
		{239461D0-9457-4DB5-8AAB-847102D465C6}.Release|x64.Build.0 = Release|x64
		{239461D0-9457-4DB5-8AAB-847102D465C6}.Release|x86.ActiveCfg = Release|Win32
		{239461D0-9457-4DB5-8AAB-847102D465C6}.Release|x86.Build.0 = Release|Win32
		{8DFAD3A7-2CDD-4F37-B45B-66734D8C809D}.Debug|Any CPU.ActiveCfg = Debug|Win32
		{8DFAD3A7-2CDD-4F37-B45B-66734D8C809D}.Debug|x64.ActiveCfg = Debug|x64
		{8DFAD3A7-2CDD-4F37-B45B-66734D8C809D}.Debug|x64.Build.0 = Debug|x64
		{8DFAD3A7-2CDD-4F37-B45B-66734D8C809D}.Debug|x86.ActiveCfg = Debug|Win32
		{8DFAD3A7-2CDD-4F37-B45B-66734D8C809D}.Debug|x86.Build.0 = Debug|Win32
		{8DFAD3A7-2CDD-4F37-B45B-66734D8C809D}.Release|Any CPU.ActiveCfg = Release|Win32
		{8DFAD3A7-2CDD-4F37-B45B-66734D8C809D}.Release|x64.ActiveCfg = Release|x64
		{8DFAD3A7-2CDD-4F37-B45B-66734D8C809D}.Release|x86.ActiveCfg = Release|Win32
		{8DFAD3A7-2CDD-4F37-B45B-66734D8C809D}.Release|x86.Build.0 = Release|Win32
		{A5A13995-04A8-4B19-8B9A-995B82200AA3}.Debug|Any CPU.ActiveCfg = Debug|Win32
		{A5A13995-04A8-4B19-8B9A-995B82200AA3}.Debug|x64.ActiveCfg = Debug|x64
		{A5A13995-04A8-4B19-8B9A-995B82200AA3}.Debug|x64.Build.0 = Debug|x64
		{A5A13995-04A8-4B19-8B9A-995B82200AA3}.Debug|x86.ActiveCfg = Debug|Win32
		{A5A13995-04A8-4B19-8B9A-995B82200AA3}.Debug|x86.Build.0 = Debug|Win32
		{A5A13995-04A8-4B19-8B9A-995B82200AA3}.Release|Any CPU.ActiveCfg = Release|Win32
		{A5A13995-04A8-4B19-8B9A-995B82200AA3}.Release|x64.ActiveCfg = Release|x64
		{A5A13995-04A8-4B19-8B9A-995B82200AA3}.Release|x64.Build.0 = Release|x64
		{A5A13995-04A8-4B19-8B9A-995B82200AA3}.Release|x86.ActiveCfg = Release|Win32
		{A5A13995-04A8-4B19-8B9A-995B82200AA3}.Release|x86.Build.0 = Release|Win32
		{04531D19-2BD6-42C4-BFB0-443F29823C4D}.Debug|Any CPU.ActiveCfg = Debug|Win32
		{04531D19-2BD6-42C4-BFB0-443F29823C4D}.Debug|x64.ActiveCfg = Debug|x64
		{04531D19-2BD6-42C4-BFB0-443F29823C4D}.Debug|x86.ActiveCfg = Debug|Win32
		{04531D19-2BD6-42C4-BFB0-443F29823C4D}.Debug|x86.Build.0 = Debug|Win32
		{04531D19-2BD6-42C4-BFB0-443F29823C4D}.Release|Any CPU.ActiveCfg = Release|Win32
		{04531D19-2BD6-42C4-BFB0-443F29823C4D}.Release|x64.ActiveCfg = Release|x64
		{04531D19-2BD6-42C4-BFB0-443F29823C4D}.Release|x86.ActiveCfg = Release|Win32
		{04531D19-2BD6-42C4-BFB0-443F29823C4D}.Release|x86.Build.0 = Release|Win32
	EndGlobalSection
	GlobalSection(SolutionProperties) = preSolution
		HideSolutionNode = FALSE
	EndGlobalSection
	GlobalSection(ExtensibilityGlobals) = postSolution
		SolutionGuid = {0627DCF4-6873-40FC-B092-2F226D0F6C17}
	EndGlobalSection
EndGlobal
